
Microsoft Visual Studio Solution File, Format Version 12.00
# Visual Studio Version 17
VisualStudioVersion = 17.0.31912.275
MinimumVisualStudioVersion = 10.0.40219.1
Project("{9A19103F-16F7-4668-BE54-9A1E7A4F7556}") = "MarsUndiscovered", "MarsUndiscovered\MarsUndiscovered.csproj", "{05892955-8B84-42DC-BFBE-BC6821D3915D}"
EndProject
Project("{9A19103F-16F7-4668-BE54-9A1E7A4F7556}") = "FrigidRogue.MonoGame.Core", "..\FrigidRogue\FrigidRogue.MonoGame.Core\FrigidRogue.MonoGame.Core.csproj", "{B0C1B450-91F8-44F5-9CDE-92FB0AD42FC9}"
EndProject
Project("{9A19103F-16F7-4668-BE54-9A1E7A4F7556}") = "FrigidRogue.Monogame.Core.View", "..\FrigidRogue\FrigidRogue.Monogame.Core.View\FrigidRogue.Monogame.Core.View.csproj", "{7DFFA17F-D69F-4ECA-A515-63045C3ECCEF}"
EndProject
Project("{9A19103F-16F7-4668-BE54-9A1E7A4F7556}") = "FrigidRogue.MonoGame.Core.ContentPipeline", "..\FrigidRogue\FrigidRogue.MonoGame.Core.ContentPipeline\FrigidRogue.MonoGame.Core.ContentPipeline.csproj", "{6FE68289-5100-4E2A-938E-AB65BEEDB59E}"
EndProject
Project("{9A19103F-16F7-4668-BE54-9A1E7A4F7556}") = "GeonBit.UI", "..\GeonBit.UI\GeonBit.UI\GeonBit.UI.csproj", "{3DF28DF8-74EB-469F-8FE1-DF78706749C4}"
EndProject
Project("{9A19103F-16F7-4668-BE54-9A1E7A4F7556}") = "GeonBit.UI.DataTypes", "..\GeonBit.UI\GeonBit.UI\Libs\DataTypes\GeonBit.UI.DataTypes.csproj", "{8F916021-2E2C-4F2A-BF5C-7AEBC228FA2C}"
EndProject
Project("{9A19103F-16F7-4668-BE54-9A1E7A4F7556}") = "MarsUndiscovered.Tests", "MarsUndiscovered.Tests\MarsUndiscovered.Tests.csproj", "{1F47B8DE-A296-46E6-A5B2-1B9AE8B699BD}"
EndProject
Project("{9A19103F-16F7-4668-BE54-9A1E7A4F7556}") = "FrigidRogue.TestInfrastructure", "..\FrigidRogue\FrigidRogue.TestInfrastructure\FrigidRogue.TestInfrastructure.csproj", "{B7E23A72-004C-44E2-BC5D-91F5F4A42C95}"
EndProject
Project("{9A19103F-16F7-4668-BE54-9A1E7A4F7556}") = "FrigidRogue.MonoGame.Core.Tests", "..\FrigidRogue\FrigidRogue.MonoGame.Core.Tests\FrigidRogue.MonoGame.Core.Tests.csproj", "{7A4589FE-6525-4A80-AB65-A30FD0AB8558}"
EndProject
Project("{9A19103F-16F7-4668-BE54-9A1E7A4F7556}") = "FrigidRogue.MonoGame.Core.View.Tests", "..\FrigidRogue\FrigidRogue.MonoGame.Core.View.Tests\FrigidRogue.MonoGame.Core.View.Tests.csproj", "{45752F2D-0706-4D9E-B5D0-792572CDAC87}"
EndProject
Project("{9A19103F-16F7-4668-BE54-9A1E7A4F7556}") = "GoRogue", "..\GoRogue\GoRogue\GoRogue.csproj", "{342434CE-BFC5-427A-97F9-B903C6ECBBCB}"
EndProject
Project("{9A19103F-16F7-4668-BE54-9A1E7A4F7556}") = "BehaviourTree", "..\BehaviourTree\src\BehaviourTree\BehaviourTree.csproj", "{E6523E89-2187-4B59-96FE-7CAD01B9240A}"
EndProject
Project("{FAE04EC0-301F-11D3-BF4B-00C04F79EFBC}") = "MonoGame.Extended", "..\MonoGame.Extended\src\cs\MonoGame.Extended\MonoGame.Extended.csproj", "{821A2379-78B4-4447-A3CB-6DCF04EB03A8}"
EndProject
Project("{FAE04EC0-301F-11D3-BF4B-00C04F79EFBC}") = "MonoGame.Extended.Tweening", "..\MonoGame.Extended\src\cs\MonoGame.Extended.Tweening\MonoGame.Extended.Tweening.csproj", "{A3770718-3723-4BAE-BECF-6145B42A6689}"
EndProject
Project("{FAE04EC0-301F-11D3-BF4B-00C04F79EFBC}") = "MarsUndiscovered.Game", "MarsUndiscovered.Game\MarsUndiscovered.Game.csproj", "{066DA915-0B39-488E-B14E-19DB034D970C}"
EndProject
Project("{FAE04EC0-301F-11D3-BF4B-00C04F79EFBC}") = "FrigidRogue.WaveFunctionCollapse", "..\WaveFunctionCollapse\FrigidRogue.WaveFunctionCollapse\FrigidRogue.WaveFunctionCollapse.csproj", "{7DEF305C-4EBD-4923-B5D3-1823E80010E3}"
EndProject
Project("{FAE04EC0-301F-11D3-BF4B-00C04F79EFBC}") = "FrigidRogue.WaveFunctionCollapse.Tests", "..\WaveFunctionCollapse\FrigidRogue.WaveFunctionCollapse.Tests\FrigidRogue.WaveFunctionCollapse.Tests.csproj", "{29D3219A-DC49-4B10-9CAF-2EB499E7CEB1}"
EndProject
Global
	GlobalSection(SolutionConfigurationPlatforms) = preSolution
		Debug|Any CPU = Debug|Any CPU
		Release|Any CPU = Release|Any CPU
	EndGlobalSection
	GlobalSection(ProjectConfigurationPlatforms) = postSolution
		{05892955-8B84-42DC-BFBE-BC6821D3915D}.Debug|Any CPU.ActiveCfg = Debug|Any CPU
		{05892955-8B84-42DC-BFBE-BC6821D3915D}.Debug|Any CPU.Build.0 = Debug|Any CPU
		{05892955-8B84-42DC-BFBE-BC6821D3915D}.Release|Any CPU.ActiveCfg = Release|Any CPU
		{05892955-8B84-42DC-BFBE-BC6821D3915D}.Release|Any CPU.Build.0 = Release|Any CPU
		{B0C1B450-91F8-44F5-9CDE-92FB0AD42FC9}.Debug|Any CPU.ActiveCfg = Debug|Any CPU
		{B0C1B450-91F8-44F5-9CDE-92FB0AD42FC9}.Debug|Any CPU.Build.0 = Debug|Any CPU
		{B0C1B450-91F8-44F5-9CDE-92FB0AD42FC9}.Release|Any CPU.ActiveCfg = Release|Any CPU
		{B0C1B450-91F8-44F5-9CDE-92FB0AD42FC9}.Release|Any CPU.Build.0 = Release|Any CPU
		{7DFFA17F-D69F-4ECA-A515-63045C3ECCEF}.Debug|Any CPU.ActiveCfg = Debug|Any CPU
		{7DFFA17F-D69F-4ECA-A515-63045C3ECCEF}.Debug|Any CPU.Build.0 = Debug|Any CPU
		{7DFFA17F-D69F-4ECA-A515-63045C3ECCEF}.Release|Any CPU.ActiveCfg = Release|Any CPU
		{7DFFA17F-D69F-4ECA-A515-63045C3ECCEF}.Release|Any CPU.Build.0 = Release|Any CPU
		{6FE68289-5100-4E2A-938E-AB65BEEDB59E}.Debug|Any CPU.ActiveCfg = Debug|Any CPU
		{6FE68289-5100-4E2A-938E-AB65BEEDB59E}.Debug|Any CPU.Build.0 = Debug|Any CPU
		{6FE68289-5100-4E2A-938E-AB65BEEDB59E}.Release|Any CPU.ActiveCfg = Release|Any CPU
		{6FE68289-5100-4E2A-938E-AB65BEEDB59E}.Release|Any CPU.Build.0 = Release|Any CPU
		{3DF28DF8-74EB-469F-8FE1-DF78706749C4}.Debug|Any CPU.ActiveCfg = Debug|Any CPU
		{3DF28DF8-74EB-469F-8FE1-DF78706749C4}.Debug|Any CPU.Build.0 = Debug|Any CPU
		{3DF28DF8-74EB-469F-8FE1-DF78706749C4}.Release|Any CPU.ActiveCfg = Release|Any CPU
		{3DF28DF8-74EB-469F-8FE1-DF78706749C4}.Release|Any CPU.Build.0 = Release|Any CPU
		{8F916021-2E2C-4F2A-BF5C-7AEBC228FA2C}.Debug|Any CPU.ActiveCfg = Debug|Any CPU
		{8F916021-2E2C-4F2A-BF5C-7AEBC228FA2C}.Debug|Any CPU.Build.0 = Debug|Any CPU
		{8F916021-2E2C-4F2A-BF5C-7AEBC228FA2C}.Release|Any CPU.ActiveCfg = Release|Any CPU
		{8F916021-2E2C-4F2A-BF5C-7AEBC228FA2C}.Release|Any CPU.Build.0 = Release|Any CPU
		{1F47B8DE-A296-46E6-A5B2-1B9AE8B699BD}.Debug|Any CPU.ActiveCfg = Debug|Any CPU
		{1F47B8DE-A296-46E6-A5B2-1B9AE8B699BD}.Debug|Any CPU.Build.0 = Debug|Any CPU
		{1F47B8DE-A296-46E6-A5B2-1B9AE8B699BD}.Release|Any CPU.ActiveCfg = Release|Any CPU
		{1F47B8DE-A296-46E6-A5B2-1B9AE8B699BD}.Release|Any CPU.Build.0 = Release|Any CPU
		{B7E23A72-004C-44E2-BC5D-91F5F4A42C95}.Debug|Any CPU.ActiveCfg = Debug|Any CPU
		{B7E23A72-004C-44E2-BC5D-91F5F4A42C95}.Debug|Any CPU.Build.0 = Debug|Any CPU
		{B7E23A72-004C-44E2-BC5D-91F5F4A42C95}.Release|Any CPU.ActiveCfg = Release|Any CPU
		{B7E23A72-004C-44E2-BC5D-91F5F4A42C95}.Release|Any CPU.Build.0 = Release|Any CPU
		{7A4589FE-6525-4A80-AB65-A30FD0AB8558}.Debug|Any CPU.ActiveCfg = Debug|Any CPU
		{7A4589FE-6525-4A80-AB65-A30FD0AB8558}.Debug|Any CPU.Build.0 = Debug|Any CPU
		{7A4589FE-6525-4A80-AB65-A30FD0AB8558}.Release|Any CPU.ActiveCfg = Release|Any CPU
		{7A4589FE-6525-4A80-AB65-A30FD0AB8558}.Release|Any CPU.Build.0 = Release|Any CPU
		{45752F2D-0706-4D9E-B5D0-792572CDAC87}.Debug|Any CPU.ActiveCfg = Debug|Any CPU
		{45752F2D-0706-4D9E-B5D0-792572CDAC87}.Debug|Any CPU.Build.0 = Debug|Any CPU
		{45752F2D-0706-4D9E-B5D0-792572CDAC87}.Release|Any CPU.ActiveCfg = Release|Any CPU
		{45752F2D-0706-4D9E-B5D0-792572CDAC87}.Release|Any CPU.Build.0 = Release|Any CPU
		{342434CE-BFC5-427A-97F9-B903C6ECBBCB}.Debug|Any CPU.ActiveCfg = Debug|Any CPU
		{342434CE-BFC5-427A-97F9-B903C6ECBBCB}.Debug|Any CPU.Build.0 = Debug|Any CPU
		{342434CE-BFC5-427A-97F9-B903C6ECBBCB}.Release|Any CPU.ActiveCfg = Release|Any CPU
		{342434CE-BFC5-427A-97F9-B903C6ECBBCB}.Release|Any CPU.Build.0 = Release|Any CPU
		{E6523E89-2187-4B59-96FE-7CAD01B9240A}.Debug|Any CPU.ActiveCfg = Debug|Any CPU
		{E6523E89-2187-4B59-96FE-7CAD01B9240A}.Debug|Any CPU.Build.0 = Debug|Any CPU
		{E6523E89-2187-4B59-96FE-7CAD01B9240A}.Release|Any CPU.ActiveCfg = Release|Any CPU
		{E6523E89-2187-4B59-96FE-7CAD01B9240A}.Release|Any CPU.Build.0 = Release|Any CPU
		{821A2379-78B4-4447-A3CB-6DCF04EB03A8}.Debug|Any CPU.ActiveCfg = Debug|Any CPU
		{821A2379-78B4-4447-A3CB-6DCF04EB03A8}.Debug|Any CPU.Build.0 = Debug|Any CPU
		{821A2379-78B4-4447-A3CB-6DCF04EB03A8}.Release|Any CPU.ActiveCfg = Release|Any CPU
		{821A2379-78B4-4447-A3CB-6DCF04EB03A8}.Release|Any CPU.Build.0 = Release|Any CPU
		{A3770718-3723-4BAE-BECF-6145B42A6689}.Debug|Any CPU.ActiveCfg = Debug|Any CPU
		{A3770718-3723-4BAE-BECF-6145B42A6689}.Debug|Any CPU.Build.0 = Debug|Any CPU
		{A3770718-3723-4BAE-BECF-6145B42A6689}.Release|Any CPU.ActiveCfg = Release|Any CPU
		{A3770718-3723-4BAE-BECF-6145B42A6689}.Release|Any CPU.Build.0 = Release|Any CPU
		{066DA915-0B39-488E-B14E-19DB034D970C}.Debug|Any CPU.ActiveCfg = Debug|Any CPU
		{066DA915-0B39-488E-B14E-19DB034D970C}.Debug|Any CPU.Build.0 = Debug|Any CPU
		{066DA915-0B39-488E-B14E-19DB034D970C}.Release|Any CPU.ActiveCfg = Release|Any CPU
		{066DA915-0B39-488E-B14E-19DB034D970C}.Release|Any CPU.Build.0 = Release|Any CPU
		{7DEF305C-4EBD-4923-B5D3-1823E80010E3}.Debug|Any CPU.ActiveCfg = Debug|Any CPU
		{7DEF305C-4EBD-4923-B5D3-1823E80010E3}.Debug|Any CPU.Build.0 = Debug|Any CPU
		{7DEF305C-4EBD-4923-B5D3-1823E80010E3}.Release|Any CPU.ActiveCfg = Release|Any CPU
		{7DEF305C-4EBD-4923-B5D3-1823E80010E3}.Release|Any CPU.Build.0 = Release|Any CPU
		{29D3219A-DC49-4B10-9CAF-2EB499E7CEB1}.Debug|Any CPU.ActiveCfg = Debug|Any CPU
		{29D3219A-DC49-4B10-9CAF-2EB499E7CEB1}.Debug|Any CPU.Build.0 = Debug|Any CPU
		{29D3219A-DC49-4B10-9CAF-2EB499E7CEB1}.Release|Any CPU.ActiveCfg = Release|Any CPU
		{29D3219A-DC49-4B10-9CAF-2EB499E7CEB1}.Release|Any CPU.Build.0 = Release|Any CPU
	EndGlobalSection
	GlobalSection(SolutionProperties) = preSolution
		HideSolutionNode = FALSE
	EndGlobalSection
	GlobalSection(ExtensibilityGlobals) = postSolution
		SolutionGuid = {7C9D46B4-8157-4928-83A8-136BFADD0D34}
	EndGlobalSection
EndGlobal
